{
  "name": "sorry-cypress-demo",
  "version": "1.0.0",
  "lockfileVersion": 2,
  "requires": true,
  "packages": {
    "": {
      "version": "1.0.0",
      "license": "MIT",
      "dependencies": {
        "cy2": "^1.0.3"
      }
    },
    "../cy": {
      "name": "cy2",
      "version": "1.0.3",
      "license": "MIT",
      "dependencies": {
        "js-yaml": "^4.0.0",
        "npm-which": "^3.0.1"
      },
      "bin": {
        "cy2": "bin/cy2"
      },
      "engines": {
        "node": ">=10.0.0"
      },
      "peerDependencies": {
        "cypress": "*"
      }
    },
    "../cy/node_modules/argparse": {
      "version": "2.0.1",
      "resolved": "https://registry.yarnpkg.com/argparse/-/argparse-2.0.1.tgz",
      "integrity": "sha512-8+9WqebbFzpX9OR+Wa6O29asIogeRMzcGtAINdpMHHyAg10f05aSFVBbcEqGf/PXw1EjAZ+q2/bEBg3DvurK3Q==",
      "license": "Python-2.0"
    },
    "../cy/node_modules/commander": {
      "version": "2.20.3",
      "resolved": "https://registry.yarnpkg.com/commander/-/commander-2.20.3.tgz",
      "integrity": "sha512-GpVkmM8vF2vQUkj2LvZmD35JxeJOLCwJ9cUkugyk2nuhbv3+mJvpLYYt+0+USMxE+oj+ey/lJEnhZw75x/OMcQ==",
      "license": "MIT"
    },
    "../cy/node_modules/isexe": {
      "version": "2.0.0",
      "resolved": "https://registry.yarnpkg.com/isexe/-/isexe-2.0.0.tgz",
      "integrity": "sha1-6PvzdNxVb/iUehDcsFctYz8s+hA=",
      "license": "ISC"
    },
    "../cy/node_modules/js-yaml": {
      "version": "4.0.0",
      "resolved": "https://registry.yarnpkg.com/js-yaml/-/js-yaml-4.0.0.tgz",
      "integrity": "sha512-pqon0s+4ScYUvX30wxQi3PogGFAlUyH0awepWvwkj4jD4v+ova3RiYw8bmA6x2rDrEaj8i/oWKoRxpVNW+Re8Q==",
      "license": "MIT",
      "dependencies": {
        "argparse": "^2.0.1"
      },
      "bin": {
        "js-yaml": "bin/js-yaml.js"
      }
    },
    "../cy/node_modules/npm-path": {
      "version": "2.0.4",
      "resolved": "https://registry.yarnpkg.com/npm-path/-/npm-path-2.0.4.tgz",
      "integrity": "sha512-IFsj0R9C7ZdR5cP+ET342q77uSRdtWOlWpih5eC+lu29tIDbNEgDbzgVJ5UFvYHWhxDZ5TFkJafFioO0pPQjCw==",
      "license": "MIT",
      "dependencies": {
        "which": "^1.2.10"
      },
      "bin": {
        "npm-path": "bin/npm-path"
      },
      "engines": {
        "node": ">=0.8"
      }
    },
    "../cy/node_modules/npm-which": {
      "version": "3.0.1",
      "resolved": "https://registry.yarnpkg.com/npm-which/-/npm-which-3.0.1.tgz",
      "integrity": "sha1-kiXybsOihcIJyuZ8OxGmtKtxQKo=",
      "license": "MIT",
      "dependencies": {
        "commander": "^2.9.0",
        "npm-path": "^2.0.2",
        "which": "^1.2.10"
      },
      "bin": {
        "npm-which": "bin/npm-which.js"
      },
      "engines": {
        "node": ">=4.2.0"
      }
    },
    "../cy/node_modules/which": {
      "version": "1.3.1",
      "resolved": "https://registry.yarnpkg.com/which/-/which-1.3.1.tgz",
      "integrity": "sha512-HxJdYWq1MTIQbJ3nw0cqssHoTNU267KlrDuGZ1WYlxDStUtKUhOaJmh112/TZmHxxUfuJqPXSOm7tDyas0OSIQ==",
      "license": "ISC",
      "dependencies": {
        "isexe": "^2.0.0"
      },
      "bin": {
        "which": "bin/which"
      }
    },
    "node_modules/argparse": {
      "version": "2.0.1",
      "resolved": "https://registry.yarnpkg.com/argparse/-/argparse-2.0.1.tgz",
      "integrity": "sha512-8+9WqebbFzpX9OR+Wa6O29asIogeRMzcGtAINdpMHHyAg10f05aSFVBbcEqGf/PXw1EjAZ+q2/bEBg3DvurK3Q==",
      "extraneous": true,
      "license": "Python-2.0"
    },
    "node_modules/commander": {
      "version": "2.20.3",
      "resolved": "https://registry.yarnpkg.com/commander/-/commander-2.20.3.tgz",
      "integrity": "sha512-GpVkmM8vF2vQUkj2LvZmD35JxeJOLCwJ9cUkugyk2nuhbv3+mJvpLYYt+0+USMxE+oj+ey/lJEnhZw75x/OMcQ==",
      "extraneous": true,
      "license": "MIT"
    },
    "node_modules/cy2": {
      "resolved": "../cy",
      "link": true
    },
    "node_modules/isexe": {
      "version": "2.0.0",
      "resolved": "https://registry.yarnpkg.com/isexe/-/isexe-2.0.0.tgz",
      "integrity": "sha1-6PvzdNxVb/iUehDcsFctYz8s+hA=",
      "extraneous": true,
      "license": "ISC"
    },
    "node_modules/js-yaml": {
      "version": "4.0.0",
      "extraneous": true,
      "license": "MIT",
      "dependencies": {
        "argparse": "^2.0.1"
      },
      "bin": {
        "js-yaml": "bin/js-yaml.js"
      }
    },
    "node_modules/npm-path": {
      "version": "2.0.4",
      "resolved": "https://registry.yarnpkg.com/npm-path/-/npm-path-2.0.4.tgz",
      "integrity": "sha512-IFsj0R9C7ZdR5cP+ET342q77uSRdtWOlWpih5eC+lu29tIDbNEgDbzgVJ5UFvYHWhxDZ5TFkJafFioO0pPQjCw==",
      "extraneous": true,
      "license": "MIT",
      "dependencies": {
        "which": "^1.2.10"
      },
      "bin": {
        "npm-path": "bin/npm-path"
      },
      "engines": {
        "node": ">=0.8"
      }
    },
    "node_modules/npm-which": {
      "version": "3.0.1",
      "extraneous": true,
      "license": "MIT",
      "dependencies": {
        "commander": "^2.9.0",
        "npm-path": "^2.0.2",
        "which": "^1.2.10"
      },
      "bin": {
        "npm-which": "bin/npm-which.js"
      },
      "engines": {
        "node": ">=4.2.0"
      }
    },
    "node_modules/which": {
      "version": "1.3.1",
      "resolved": "https://registry.yarnpkg.com/which/-/which-1.3.1.tgz",
      "integrity": "sha512-HxJdYWq1MTIQbJ3nw0cqssHoTNU267KlrDuGZ1WYlxDStUtKUhOaJmh112/TZmHxxUfuJqPXSOm7tDyas0OSIQ==",
      "extraneous": true,
      "license": "ISC",
      "dependencies": {
        "isexe": "^2.0.0"
      },
      "bin": {
        "which": "bin/which"
      }
    }
  },
  "dependencies": {
    "argparse": {
      "version": "2.0.1",
      "resolved": "https://registry.yarnpkg.com/argparse/-/argparse-2.0.1.tgz",
      "integrity": "sha512-8+9WqebbFzpX9OR+Wa6O29asIogeRMzcGtAINdpMHHyAg10f05aSFVBbcEqGf/PXw1EjAZ+q2/bEBg3DvurK3Q==",
      "extraneous": true
    },
    "commander": {
      "version": "2.20.3",
      "resolved": "https://registry.yarnpkg.com/commander/-/commander-2.20.3.tgz",
      "integrity": "sha512-GpVkmM8vF2vQUkj2LvZmD35JxeJOLCwJ9cUkugyk2nuhbv3+mJvpLYYt+0+USMxE+oj+ey/lJEnhZw75x/OMcQ==",
      "extraneous": true
    },
    "cy2": {
      "version": "file:../cy",
      "requires": {
        "js-yaml": "^4.0.0",
        "npm-which": "^3.0.1"
      },
      "dependencies": {
        "argparse": {
          "version": "2.0.1",
          "resolved": "https://registry.yarnpkg.com/argparse/-/argparse-2.0.1.tgz",
          "integrity": "sha512-8+9WqebbFzpX9OR+Wa6O29asIogeRMzcGtAINdpMHHyAg10f05aSFVBbcEqGf/PXw1EjAZ+q2/bEBg3DvurK3Q=="
        },
        "commander": {
          "version": "2.20.3",
          "resolved": "https://registry.yarnpkg.com/commander/-/commander-2.20.3.tgz",
          "integrity": "sha512-GpVkmM8vF2vQUkj2LvZmD35JxeJOLCwJ9cUkugyk2nuhbv3+mJvpLYYt+0+USMxE+oj+ey/lJEnhZw75x/OMcQ=="
        },
        "isexe": {
          "version": "2.0.0",
          "resolved": "https://registry.yarnpkg.com/isexe/-/isexe-2.0.0.tgz",
          "integrity": "sha1-6PvzdNxVb/iUehDcsFctYz8s+hA="
        },
        "js-yaml": {
          "version": "4.0.0",
          "resolved": "https://registry.yarnpkg.com/js-yaml/-/js-yaml-4.0.0.tgz",
          "integrity": "sha512-pqon0s+4ScYUvX30wxQi3PogGFAlUyH0awepWvwkj4jD4v+ova3RiYw8bmA6x2rDrEaj8i/oWKoRxpVNW+Re8Q==",
          "requires": {
            "argparse": "^2.0.1"
          }
        },
        "npm-path": {
          "version": "2.0.4",
          "resolved": "https://registry.yarnpkg.com/npm-path/-/npm-path-2.0.4.tgz",
          "integrity": "sha512-IFsj0R9C7ZdR5cP+ET342q77uSRdtWOlWpih5eC+lu29tIDbNEgDbzgVJ5UFvYHWhxDZ5TFkJafFioO0pPQjCw==",
          "requires": {
            "which": "^1.2.10"
          }
        },
        "npm-which": {
          "version": "3.0.1",
          "resolved": "https://registry.yarnpkg.com/npm-which/-/npm-which-3.0.1.tgz",
          "integrity": "sha1-kiXybsOihcIJyuZ8OxGmtKtxQKo=",
          "requires": {
            "commander": "^2.9.0",
            "npm-path": "^2.0.2",
            "which": "^1.2.10"
          }
        },
        "which": {
          "version": "1.3.1",
          "resolved": "https://registry.yarnpkg.com/which/-/which-1.3.1.tgz",
          "integrity": "sha512-HxJdYWq1MTIQbJ3nw0cqssHoTNU267KlrDuGZ1WYlxDStUtKUhOaJmh112/TZmHxxUfuJqPXSOm7tDyas0OSIQ==",
          "requires": {
            "isexe": "^2.0.0"
          }
        }
      }
    },
    "isexe": {
      "version": "2.0.0",
      "resolved": "https://registry.yarnpkg.com/isexe/-/isexe-2.0.0.tgz",
      "integrity": "sha1-6PvzdNxVb/iUehDcsFctYz8s+hA=",
      "extraneous": true
    },
    "js-yaml": {
      "version": "4.0.0",
      "extraneous": true,
      "requires": {
        "argparse": "^2.0.1"
      }
    },
    "npm-path": {
      "version": "2.0.4",
      "resolved": "https://registry.yarnpkg.com/npm-path/-/npm-path-2.0.4.tgz",
      "integrity": "sha512-IFsj0R9C7ZdR5cP+ET342q77uSRdtWOlWpih5eC+lu29tIDbNEgDbzgVJ5UFvYHWhxDZ5TFkJafFioO0pPQjCw==",
      "extraneous": true,
      "requires": {
        "which": "^1.2.10"
      }
    },
    "npm-which": {
      "version": "3.0.1",
      "extraneous": true,
      "requires": {
        "commander": "^2.9.0",
        "npm-path": "^2.0.2",
        "which": "^1.2.10"
      }
    },
    "which": {
      "version": "1.3.1",
      "resolved": "https://registry.yarnpkg.com/which/-/which-1.3.1.tgz",
      "integrity": "sha512-HxJdYWq1MTIQbJ3nw0cqssHoTNU267KlrDuGZ1WYlxDStUtKUhOaJmh112/TZmHxxUfuJqPXSOm7tDyas0OSIQ==",
      "extraneous": true,
      "requires": {
        "isexe": "^2.0.0"
      }
    }
  }
}
